
Microsoft Visual Studio Solution File, Format Version 12.00
# Visual Studio Version 17
VisualStudioVersion = 17.3.32811.315
MinimumVisualStudioVersion = 10.0.40219.1
Project("{FAE04EC0-301F-11D3-BF4B-00C04F79EFBC}") = "Semana07UESANSalesMVC.WEB", "Semana07UESANSalesMVC.WEB\Semana07UESANSalesMVC.WEB.csproj", "{E8E23B8F-5216-44DB-BCED-C88E79796349}"
EndProject
Global
	GlobalSection(SolutionConfigurationPlatforms) = preSolution
		Debug|Any CPU = Debug|Any CPU
		Release|Any CPU = Release|Any CPU
	EndGlobalSection
	GlobalSection(ProjectConfigurationPlatforms) = postSolution
		{E8E23B8F-5216-44DB-BCED-C88E79796349}.Debug|Any CPU.ActiveCfg = Debug|Any CPU
		{E8E23B8F-5216-44DB-BCED-C88E79796349}.Debug|Any CPU.Build.0 = Debug|Any CPU
		{E8E23B8F-5216-44DB-BCED-C88E79796349}.Release|Any CPU.ActiveCfg = Release|Any CPU
		{E8E23B8F-5216-44DB-BCED-C88E79796349}.Release|Any CPU.Build.0 = Release|Any CPU
	EndGlobalSection
	GlobalSection(SolutionProperties) = preSolution
		HideSolutionNode = FALSE
	EndGlobalSection
	GlobalSection(ExtensibilityGlobals) = postSolution
		SolutionGuid = {760104EF-E66B-4E41-96B2-3553543EDDDD}
	EndGlobalSection
EndGlobal
